// !$*UTF8*$!
{
	archiveVersion = 1;
	classes = {
	};
	objectVersion = 52;
	objects = {

/* Begin PBXBuildFile section */
		4A4D15692497D8F100622E86 /* CooperHewittAPI in Frameworks */ = {isa = PBXBuildFile; productRef = 4A4D15682497D8F100622E86 /* CooperHewittAPI */; };
		4A533A6C24944EF30048C0A6 /* Config.xcconfig in Resources */ = {isa = PBXBuildFile; fileRef = 4A533A6B24944EF30048C0A6 /* Config.xcconfig */; };
		4A5424D724ABD22D00911252 /* URITemplate in Frameworks */ = {isa = PBXBuildFile; productRef = 4A5424D624ABD22D00911252 /* URITemplate */; };
		4A5424DB24AD50F500911252 /* UIImageView.swift in Sources */ = {isa = PBXBuildFile; fileRef = 4A5424DA24AD50F500911252 /* UIImageView.swift */; };
		4A8D8CD124A3C093005AC432 /* SFOMuseum.swift in Sources */ = {isa = PBXBuildFile; fileRef = 4A8D8CD024A3C093005AC432 /* SFOMuseum.swift */; };
		4A8D8CD324A3C140005AC432 /* CooperHewitt.swift in Sources */ = {isa = PBXBuildFile; fileRef = 4A8D8CD224A3C140005AC432 /* CooperHewitt.swift */; };
		4A8D8CD524A3C31E005AC432 /* Collection.swift in Sources */ = {isa = PBXBuildFile; fileRef = 4A8D8CD424A3C31E005AC432 /* Collection.swift */; };
		4AAF05D62496765F006BE255 /* Logging in Frameworks */ = {isa = PBXBuildFile; productRef = 4AAF05D52496765F006BE255 /* Logging */; };
		4AAF05D824967D71006BE255 /* UIText.swift in Sources */ = {isa = PBXBuildFile; fileRef = 4AAF05D724967D71006BE255 /* UIText.swift */; };
		4AAF05DA24967D96006BE255 /* UIImage.swift in Sources */ = {isa = PBXBuildFile; fileRef = 4AAF05D924967D96006BE255 /* UIImage.swift */; };
		4AAF05DD2496A9FA006BE255 /* FMDB in Frameworks */ = {isa = PBXBuildFile; productRef = 4AAF05DC2496A9FA006BE255 /* FMDB */; };
		4AAF05DF2496AC28006BE255 /* Wunderkammer.swift in Sources */ = {isa = PBXBuildFile; fileRef = 4AAF05DE2496AC28006BE255 /* Wunderkammer.swift */; };
		4ACA4ECB24905FB500E9E695 /* AppDelegate.swift in Sources */ = {isa = PBXBuildFile; fileRef = 4ACA4ECA24905FB500E9E695 /* AppDelegate.swift */; };
		4ACA4ECD24905FB500E9E695 /* SceneDelegate.swift in Sources */ = {isa = PBXBuildFile; fileRef = 4ACA4ECC24905FB500E9E695 /* SceneDelegate.swift */; };
		4ACA4ECF24905FB500E9E695 /* ViewController.swift in Sources */ = {isa = PBXBuildFile; fileRef = 4ACA4ECE24905FB500E9E695 /* ViewController.swift */; };
		4ACA4ED224905FB500E9E695 /* Main.storyboard in Resources */ = {isa = PBXBuildFile; fileRef = 4ACA4ED024905FB500E9E695 /* Main.storyboard */; };
		4ACA4ED424905FB600E9E695 /* Assets.xcassets in Resources */ = {isa = PBXBuildFile; fileRef = 4ACA4ED324905FB600E9E695 /* Assets.xcassets */; };
		4ACA4ED724905FB600E9E695 /* LaunchScreen.storyboard in Resources */ = {isa = PBXBuildFile; fileRef = 4ACA4ED524905FB600E9E695 /* LaunchScreen.storyboard */; };
		4ACA4EDF2491333700E9E695 /* OEmbed.swift in Sources */ = {isa = PBXBuildFile; fileRef = 4ACA4EDE2491333700E9E695 /* OEmbed.swift */; };
		4ADC5A6C24A51082005B6360 /* OAuth2Wrapper in Frameworks */ = {isa = PBXBuildFile; productRef = 4ADC5A6B24A51082005B6360 /* OAuth2Wrapper */; };
		4ADC5A6E24AE3699005B6360 /* UINavigationBar.swift in Sources */ = {isa = PBXBuildFile; fileRef = 4ADC5A6D24AE3699005B6360 /* UINavigationBar.swift */; };
/* End PBXBuildFile section */

/* Begin PBXFileReference section */
		4A533A6B24944EF30048C0A6 /* Config.xcconfig */ = {isa = PBXFileReference; lastKnownFileType = text.xcconfig; path = Config.xcconfig; sourceTree = "<group>"; };
		4A5424DA24AD50F500911252 /* UIImageView.swift */ = {isa = PBXFileReference; lastKnownFileType = sourcecode.swift; path = UIImageView.swift; sourceTree = "<group>"; };
		4A8D8CD024A3C093005AC432 /* SFOMuseum.swift */ = {isa = PBXFileReference; lastKnownFileType = sourcecode.swift; path = SFOMuseum.swift; sourceTree = "<group>"; };
		4A8D8CD224A3C140005AC432 /* CooperHewitt.swift */ = {isa = PBXFileReference; lastKnownFileType = sourcecode.swift; path = CooperHewitt.swift; sourceTree = "<group>"; };
		4A8D8CD424A3C31E005AC432 /* Collection.swift */ = {isa = PBXFileReference; lastKnownFileType = sourcecode.swift; path = Collection.swift; sourceTree = "<group>"; };
		4AAEB6942493DD5300A75F71 /* wunderkammer.entitlements */ = {isa = PBXFileReference; fileEncoding = 4; lastKnownFileType = text.plist.entitlements; path = wunderkammer.entitlements; sourceTree = "<group>"; };
		4AAF05D724967D71006BE255 /* UIText.swift */ = {isa = PBXFileReference; lastKnownFileType = sourcecode.swift; path = UIText.swift; sourceTree = "<group>"; };
		4AAF05D924967D96006BE255 /* UIImage.swift */ = {isa = PBXFileReference; lastKnownFileType = sourcecode.swift; path = UIImage.swift; sourceTree = "<group>"; };
		4AAF05DE2496AC28006BE255 /* Wunderkammer.swift */ = {isa = PBXFileReference; lastKnownFileType = sourcecode.swift; path = Wunderkammer.swift; sourceTree = "<group>"; };
		4ACA4EC724905FB500E9E695 /* wunderkammer.app */ = {isa = PBXFileReference; explicitFileType = wrapper.application; includeInIndex = 0; path = wunderkammer.app; sourceTree = BUILT_PRODUCTS_DIR; };
		4ACA4ECA24905FB500E9E695 /* AppDelegate.swift */ = {isa = PBXFileReference; lastKnownFileType = sourcecode.swift; path = AppDelegate.swift; sourceTree = "<group>"; };
		4ACA4ECC24905FB500E9E695 /* SceneDelegate.swift */ = {isa = PBXFileReference; lastKnownFileType = sourcecode.swift; path = SceneDelegate.swift; sourceTree = "<group>"; };
		4ACA4ECE24905FB500E9E695 /* ViewController.swift */ = {isa = PBXFileReference; lastKnownFileType = sourcecode.swift; path = ViewController.swift; sourceTree = "<group>"; };
		4ACA4ED124905FB500E9E695 /* Base */ = {isa = PBXFileReference; lastKnownFileType = file.storyboard; name = Base; path = Base.lproj/Main.storyboard; sourceTree = "<group>"; };
		4ACA4ED324905FB600E9E695 /* Assets.xcassets */ = {isa = PBXFileReference; lastKnownFileType = folder.assetcatalog; path = Assets.xcassets; sourceTree = "<group>"; };
		4ACA4ED624905FB600E9E695 /* Base */ = {isa = PBXFileReference; lastKnownFileType = file.storyboard; name = Base; path = Base.lproj/LaunchScreen.storyboard; sourceTree = "<group>"; };
		4ACA4ED824905FB600E9E695 /* Info.plist */ = {isa = PBXFileReference; lastKnownFileType = text.plist.xml; path = Info.plist; sourceTree = "<group>"; };
		4ACA4EDE2491333700E9E695 /* OEmbed.swift */ = {isa = PBXFileReference; lastKnownFileType = sourcecode.swift; path = OEmbed.swift; sourceTree = "<group>"; };
		4ADC5A6D24AE3699005B6360 /* UINavigationBar.swift */ = {isa = PBXFileReference; lastKnownFileType = sourcecode.swift; path = UINavigationBar.swift; sourceTree = "<group>"; };
/* End PBXFileReference section */

/* Begin PBXFrameworksBuildPhase section */
		4ACA4EC424905FB500E9E695 /* Frameworks */ = {
			isa = PBXFrameworksBuildPhase;
			buildActionMask = 2147483647;
			files = (
				4AAF05D62496765F006BE255 /* Logging in Frameworks */,
				4ADC5A6C24A51082005B6360 /* OAuth2Wrapper in Frameworks */,
				4AAF05DD2496A9FA006BE255 /* FMDB in Frameworks */,
				4A4D15692497D8F100622E86 /* CooperHewittAPI in Frameworks */,
				4A5424D724ABD22D00911252 /* URITemplate in Frameworks */,
			);
			runOnlyForDeploymentPostprocessing = 0;
		};
/* End PBXFrameworksBuildPhase section */

/* Begin PBXGroup section */
		4ACA4EBE24905FB500E9E695 = {
			isa = PBXGroup;
			children = (
				4ACA4EC924905FB500E9E695 /* wunderkammer */,
				4ACA4EC824905FB500E9E695 /* Products */,
			);
			sourceTree = "<group>";
		};
		4ACA4EC824905FB500E9E695 /* Products */ = {
			isa = PBXGroup;
			children = (
				4ACA4EC724905FB500E9E695 /* wunderkammer.app */,
			);
			name = Products;
			sourceTree = "<group>";
		};
		4ACA4EC924905FB500E9E695 /* wunderkammer */ = {
			isa = PBXGroup;
			children = (
				4AAEB6942493DD5300A75F71 /* wunderkammer.entitlements */,
				4ACA4ECA24905FB500E9E695 /* AppDelegate.swift */,
				4AAF05DE2496AC28006BE255 /* Wunderkammer.swift */,
				4ACA4ECC24905FB500E9E695 /* SceneDelegate.swift */,
				4ACA4ECE24905FB500E9E695 /* ViewController.swift */,
				4ADC5A6D24AE3699005B6360 /* UINavigationBar.swift */,
				4A5424DA24AD50F500911252 /* UIImageView.swift */,
				4A8D8CD024A3C093005AC432 /* SFOMuseum.swift */,
				4A8D8CD224A3C140005AC432 /* CooperHewitt.swift */,
				4A8D8CD424A3C31E005AC432 /* Collection.swift */,
				4AAF05D724967D71006BE255 /* UIText.swift */,
				4AAF05D924967D96006BE255 /* UIImage.swift */,
				4ACA4EDE2491333700E9E695 /* OEmbed.swift */,
				4ACA4ED024905FB500E9E695 /* Main.storyboard */,
				4ACA4ED324905FB600E9E695 /* Assets.xcassets */,
				4ACA4ED524905FB600E9E695 /* LaunchScreen.storyboard */,
				4ACA4ED824905FB600E9E695 /* Info.plist */,
				4A533A6B24944EF30048C0A6 /* Config.xcconfig */,
			);
			path = wunderkammer;
			sourceTree = "<group>";
		};
/* End PBXGroup section */

/* Begin PBXNativeTarget section */
		4ACA4EC624905FB500E9E695 /* wunderkammer */ = {
			isa = PBXNativeTarget;
			buildConfigurationList = 4ACA4EDB24905FB600E9E695 /* Build configuration list for PBXNativeTarget "wunderkammer" */;
			buildPhases = (
				4ACA4EC324905FB500E9E695 /* Sources */,
				4ACA4EC424905FB500E9E695 /* Frameworks */,
				4ACA4EC524905FB500E9E695 /* Resources */,
			);
			buildRules = (
			);
			dependencies = (
			);
			name = wunderkammer;
			packageProductDependencies = (
				4AAF05D52496765F006BE255 /* Logging */,
				4AAF05DC2496A9FA006BE255 /* FMDB */,
				4A4D15682497D8F100622E86 /* CooperHewittAPI */,
				4ADC5A6B24A51082005B6360 /* OAuth2Wrapper */,
				4A5424D624ABD22D00911252 /* URITemplate */,
			);
			productName = shoebox;
			productReference = 4ACA4EC724905FB500E9E695 /* wunderkammer.app */;
			productType = "com.apple.product-type.application";
		};
/* End PBXNativeTarget section */

/* Begin PBXProject section */
		4ACA4EBF24905FB500E9E695 /* Project object */ = {
			isa = PBXProject;
			attributes = {
				LastSwiftUpdateCheck = 1150;
				LastUpgradeCheck = 1150;
				ORGANIZATIONNAME = Aaronland;
				TargetAttributes = {
					4ACA4EC624905FB500E9E695 = {
						CreatedOnToolsVersion = 11.5;
					};
				};
			};
			buildConfigurationList = 4ACA4EC224905FB500E9E695 /* Build configuration list for PBXProject "wunderkammer" */;
			compatibilityVersion = "Xcode 9.3";
			developmentRegion = en;
			hasScannedForEncodings = 0;
			knownRegions = (
				en,
				Base,
			);
			mainGroup = 4ACA4EBE24905FB500E9E695;
			packageReferences = (
				4AAF05D42496765F006BE255 /* XCRemoteSwiftPackageReference "swift-log" */,
				4AAF05DB2496A9FA006BE255 /* XCRemoteSwiftPackageReference "fmdb" */,
				4A4D15672497D8F100622E86 /* XCRemoteSwiftPackageReference "swift-cooperhewitt-api" */,
				4ADC5A6A24A51082005B6360 /* XCRemoteSwiftPackageReference "swift-oauth2-wrapper" */,
				4A5424D524ABD22D00911252 /* XCRemoteSwiftPackageReference "URITemplate" */,
			);
			productRefGroup = 4ACA4EC824905FB500E9E695 /* Products */;
			projectDirPath = "";
			projectRoot = "";
			targets = (
				4ACA4EC624905FB500E9E695 /* wunderkammer */,
			);
		};
/* End PBXProject section */

/* Begin PBXResourcesBuildPhase section */
		4ACA4EC524905FB500E9E695 /* Resources */ = {
			isa = PBXResourcesBuildPhase;
			buildActionMask = 2147483647;
			files = (
				4A533A6C24944EF30048C0A6 /* Config.xcconfig in Resources */,
				4ACA4ED724905FB600E9E695 /* LaunchScreen.storyboard in Resources */,
				4ACA4ED424905FB600E9E695 /* Assets.xcassets in Resources */,
				4ACA4ED224905FB500E9E695 /* Main.storyboard in Resources */,
			);
			runOnlyForDeploymentPostprocessing = 0;
		};
/* End PBXResourcesBuildPhase section */

/* Begin PBXSourcesBuildPhase section */
		4ACA4EC324905FB500E9E695 /* Sources */ = {
			isa = PBXSourcesBuildPhase;
			buildActionMask = 2147483647;
			files = (
				4ACA4ECF24905FB500E9E695 /* ViewController.swift in Sources */,
				4A8D8CD524A3C31E005AC432 /* Collection.swift in Sources */,
				4ACA4ECB24905FB500E9E695 /* AppDelegate.swift in Sources */,
				4ADC5A6E24AE3699005B6360 /* UINavigationBar.swift in Sources */,
				4ACA4ECD24905FB500E9E695 /* SceneDelegate.swift in Sources */,
				4AAF05D824967D71006BE255 /* UIText.swift in Sources */,
				4ACA4EDF2491333700E9E695 /* OEmbed.swift in Sources */,
				4A5424DB24AD50F500911252 /* UIImageView.swift in Sources */,
				4AAF05DA24967D96006BE255 /* UIImage.swift in Sources */,
				4A8D8CD124A3C093005AC432 /* SFOMuseum.swift in Sources */,
				4A8D8CD324A3C140005AC432 /* CooperHewitt.swift in Sources */,
				4AAF05DF2496AC28006BE255 /* Wunderkammer.swift in Sources */,
			);
			runOnlyForDeploymentPostprocessing = 0;
		};
/* End PBXSourcesBuildPhase section */

/* Begin PBXVariantGroup section */
		4ACA4ED024905FB500E9E695 /* Main.storyboard */ = {
			isa = PBXVariantGroup;
			children = (
				4ACA4ED124905FB500E9E695 /* Base */,
			);
			name = Main.storyboard;
			sourceTree = "<group>";
		};
		4ACA4ED524905FB600E9E695 /* LaunchScreen.storyboard */ = {
			isa = PBXVariantGroup;
			children = (
				4ACA4ED624905FB600E9E695 /* Base */,
			);
			name = LaunchScreen.storyboard;
			sourceTree = "<group>";
		};
/* End PBXVariantGroup section */

/* Begin XCBuildConfiguration section */
		4ACA4ED924905FB600E9E695 /* Debug */ = {
			isa = XCBuildConfiguration;
			buildSettings = {
				ALWAYS_SEARCH_USER_PATHS = NO;
				CLANG_ANALYZER_NONNULL = YES;
				CLANG_ANALYZER_NUMBER_OBJECT_CONVERSION = YES_AGGRESSIVE;
				CLANG_CXX_LANGUAGE_STANDARD = "gnu++14";
				CLANG_CXX_LIBRARY = "libc++";
				CLANG_ENABLE_MODULES = YES;
				CLANG_ENABLE_OBJC_ARC = YES;
				CLANG_ENABLE_OBJC_WEAK = YES;
				CLANG_WARN_BLOCK_CAPTURE_AUTORELEASING = YES;
				CLANG_WARN_BOOL_CONVERSION = YES;
				CLANG_WARN_COMMA = YES;
				CLANG_WARN_CONSTANT_CONVERSION = YES;
				CLANG_WARN_DEPRECATED_OBJC_IMPLEMENTATIONS = YES;
				CLANG_WARN_DIRECT_OBJC_ISA_USAGE = YES_ERROR;
				CLANG_WARN_DOCUMENTATION_COMMENTS = YES;
				CLANG_WARN_EMPTY_BODY = YES;
				CLANG_WARN_ENUM_CONVERSION = YES;
				CLANG_WARN_INFINITE_RECURSION = YES;
				CLANG_WARN_INT_CONVERSION = YES;
				CLANG_WARN_NON_LITERAL_NULL_CONVERSION = YES;
				CLANG_WARN_OBJC_IMPLICIT_RETAIN_SELF = YES;
				CLANG_WARN_OBJC_LITERAL_CONVERSION = YES;
				CLANG_WARN_OBJC_ROOT_CLASS = YES_ERROR;
				CLANG_WARN_RANGE_LOOP_ANALYSIS = YES;
				CLANG_WARN_STRICT_PROTOTYPES = YES;
				CLANG_WARN_SUSPICIOUS_MOVE = YES;
				CLANG_WARN_UNGUARDED_AVAILABILITY = YES_AGGRESSIVE;
				CLANG_WARN_UNREACHABLE_CODE = YES;
				CLANG_WARN__DUPLICATE_METHOD_MATCH = YES;
				COPY_PHASE_STRIP = NO;
				DEBUG_INFORMATION_FORMAT = dwarf;
				ENABLE_STRICT_OBJC_MSGSEND = YES;
				ENABLE_TESTABILITY = YES;
				GCC_C_LANGUAGE_STANDARD = gnu11;
				GCC_DYNAMIC_NO_PIC = NO;
				GCC_NO_COMMON_BLOCKS = YES;
				GCC_OPTIMIZATION_LEVEL = 0;
				GCC_PREPROCESSOR_DEFINITIONS = (
					"DEBUG=1",
					"$(inherited)",
				);
				GCC_WARN_64_TO_32_BIT_CONVERSION = YES;
				GCC_WARN_ABOUT_RETURN_TYPE = YES_ERROR;
				GCC_WARN_UNDECLARED_SELECTOR = YES;
				GCC_WARN_UNINITIALIZED_AUTOS = YES_AGGRESSIVE;
				GCC_WARN_UNUSED_FUNCTION = YES;
				GCC_WARN_UNUSED_VARIABLE = YES;
				IPHONEOS_DEPLOYMENT_TARGET = 13.5;
				MTL_ENABLE_DEBUG_INFO = INCLUDE_SOURCE;
				MTL_FAST_MATH = YES;
				ONLY_ACTIVE_ARCH = YES;
				SDKROOT = iphoneos;
				SWIFT_ACTIVE_COMPILATION_CONDITIONS = DEBUG;
				SWIFT_OPTIMIZATION_LEVEL = "-Onone";
			};
			name = Debug;
		};
		4ACA4EDA24905FB600E9E695 /* Release */ = {
			isa = XCBuildConfiguration;
			buildSettings = {
				ALWAYS_SEARCH_USER_PATHS = NO;
				CLANG_ANALYZER_NONNULL = YES;
				CLANG_ANALYZER_NUMBER_OBJECT_CONVERSION = YES_AGGRESSIVE;
				CLANG_CXX_LANGUAGE_STANDARD = "gnu++14";
				CLANG_CXX_LIBRARY = "libc++";
				CLANG_ENABLE_MODULES = YES;
				CLANG_ENABLE_OBJC_ARC = YES;
				CLANG_ENABLE_OBJC_WEAK = YES;
				CLANG_WARN_BLOCK_CAPTURE_AUTORELEASING = YES;
				CLANG_WARN_BOOL_CONVERSION = YES;
				CLANG_WARN_COMMA = YES;
				CLANG_WARN_CONSTANT_CONVERSION = YES;
				CLANG_WARN_DEPRECATED_OBJC_IMPLEMENTATIONS = YES;
				CLANG_WARN_DIRECT_OBJC_ISA_USAGE = YES_ERROR;
				CLANG_WARN_DOCUMENTATION_COMMENTS = YES;
				CLANG_WARN_EMPTY_BODY = YES;
				CLANG_WARN_ENUM_CONVERSION = YES;
				CLANG_WARN_INFINITE_RECURSION = YES;
				CLANG_WARN_INT_CONVERSION = YES;
				CLANG_WARN_NON_LITERAL_NULL_CONVERSION = YES;
				CLANG_WARN_OBJC_IMPLICIT_RETAIN_SELF = YES;
				CLANG_WARN_OBJC_LITERAL_CONVERSION = YES;
				CLANG_WARN_OBJC_ROOT_CLASS = YES_ERROR;
				CLANG_WARN_RANGE_LOOP_ANALYSIS = YES;
				CLANG_WARN_STRICT_PROTOTYPES = YES;
				CLANG_WARN_SUSPICIOUS_MOVE = YES;
				CLANG_WARN_UNGUARDED_AVAILABILITY = YES_AGGRESSIVE;
				CLANG_WARN_UNREACHABLE_CODE = YES;
				CLANG_WARN__DUPLICATE_METHOD_MATCH = YES;
				COPY_PHASE_STRIP = NO;
				DEBUG_INFORMATION_FORMAT = "dwarf-with-dsym";
				ENABLE_NS_ASSERTIONS = NO;
				ENABLE_STRICT_OBJC_MSGSEND = YES;
				GCC_C_LANGUAGE_STANDARD = gnu11;
				GCC_NO_COMMON_BLOCKS = YES;
				GCC_WARN_64_TO_32_BIT_CONVERSION = YES;
				GCC_WARN_ABOUT_RETURN_TYPE = YES_ERROR;
				GCC_WARN_UNDECLARED_SELECTOR = YES;
				GCC_WARN_UNINITIALIZED_AUTOS = YES_AGGRESSIVE;
				GCC_WARN_UNUSED_FUNCTION = YES;
				GCC_WARN_UNUSED_VARIABLE = YES;
				IPHONEOS_DEPLOYMENT_TARGET = 13.5;
				MTL_ENABLE_DEBUG_INFO = NO;
				MTL_FAST_MATH = YES;
				SDKROOT = iphoneos;
				SWIFT_COMPILATION_MODE = wholemodule;
				SWIFT_OPTIMIZATION_LEVEL = "-O";
				VALIDATE_PRODUCT = YES;
			};
			name = Release;
		};
		4ACA4EDC24905FB600E9E695 /* Debug */ = {
			isa = XCBuildConfiguration;
			baseConfigurationReference = 4A533A6B24944EF30048C0A6 /* Config.xcconfig */;
			buildSettings = {
				ASSETCATALOG_COMPILER_APPICON_NAME = AppIcon;
				CODE_SIGN_ENTITLEMENTS = wunderkammer/wunderkammer.entitlements;
				CODE_SIGN_IDENTITY = "Apple Development";
				CODE_SIGN_STYLE = Automatic;
				DEVELOPMENT_TEAM = JVV5KS8E69;
				INFOPLIST_FILE = "$(SRCROOT)/wunderkammer/Info.plist";
				LD_RUNPATH_SEARCH_PATHS = (
					"$(inherited)",
					"@executable_path/Frameworks",
				);
				PRODUCT_BUNDLE_IDENTIFIER = info.aaronland.wunderkammer;
				PRODUCT_NAME = "$(TARGET_NAME)";
				PROVISIONING_PROFILE_SPECIFIER = "";
				SUPPORTS_MACCATALYST = YES;
				SWIFT_VERSION = 5.0;
				TARGETED_DEVICE_FAMILY = "1,2";
			};
			name = Debug;
		};
		4ACA4EDD24905FB600E9E695 /* Release */ = {
			isa = XCBuildConfiguration;
			baseConfigurationReference = 4A533A6B24944EF30048C0A6 /* Config.xcconfig */;
			buildSettings = {
				ASSETCATALOG_COMPILER_APPICON_NAME = AppIcon;
				CODE_SIGN_ENTITLEMENTS = wunderkammer/wunderkammer.entitlements;
				CODE_SIGN_IDENTITY = "Apple Development";
				CODE_SIGN_STYLE = Automatic;
				DEVELOPMENT_TEAM = JVV5KS8E69;
				INFOPLIST_FILE = "$(SRCROOT)/wunderkammer/Info.plist";
				LD_RUNPATH_SEARCH_PATHS = (
					"$(inherited)",
					"@executable_path/Frameworks",
				);
				PRODUCT_BUNDLE_IDENTIFIER = info.aaronland.wunderkammer;
				PRODUCT_NAME = "$(TARGET_NAME)";
				PROVISIONING_PROFILE_SPECIFIER = "";
				SUPPORTS_MACCATALYST = YES;
				SWIFT_VERSION = 5.0;
				TARGETED_DEVICE_FAMILY = "1,2";
			};
			name = Release;
		};
/* End XCBuildConfiguration section */

/* Begin XCConfigurationList section */
		4ACA4EC224905FB500E9E695 /* Build configuration list for PBXProject "wunderkammer" */ = {
			isa = XCConfigurationList;
			buildConfigurations = (
				4ACA4ED924905FB600E9E695 /* Debug */,
				4ACA4EDA24905FB600E9E695 /* Release */,
			);
			defaultConfigurationIsVisible = 0;
			defaultConfigurationName = Release;
		};
		4ACA4EDB24905FB600E9E695 /* Build configuration list for PBXNativeTarget "wunderkammer" */ = {
			isa = XCConfigurationList;
			buildConfigurations = (
				4ACA4EDC24905FB600E9E695 /* Debug */,
				4ACA4EDD24905FB600E9E695 /* Release */,
			);
			defaultConfigurationIsVisible = 0;
			defaultConfigurationName = Release;
		};
/* End XCConfigurationList section */

/* Begin XCRemoteSwiftPackageReference section */
		4A4D15672497D8F100622E86 /* XCRemoteSwiftPackageReference "swift-cooperhewitt-api" */ = {
			isa = XCRemoteSwiftPackageReference;
			repositoryURL = "https://github.com/aaronland/swift-cooperhewitt-api";
			requirement = {
				kind = upToNextMajorVersion;
				minimumVersion = 0.0.2;
			};
		};
		4A5424D524ABD22D00911252 /* XCRemoteSwiftPackageReference "URITemplate" */ = {
			isa = XCRemoteSwiftPackageReference;
			repositoryURL = "https://github.com/kylef/URITemplate.swift";
			requirement = {
				kind = upToNextMajorVersion;
				minimumVersion = 3.0.0;
			};
		};
		4AAF05D42496765F006BE255 /* XCRemoteSwiftPackageReference "swift-log" */ = {
			isa = XCRemoteSwiftPackageReference;
			repositoryURL = "https://github.com/apple/swift-log";
			requirement = {
				kind = upToNextMajorVersion;
				minimumVersion = 1.2.0;
			};
		};
		4AAF05DB2496A9FA006BE255 /* XCRemoteSwiftPackageReference "fmdb" */ = {
			isa = XCRemoteSwiftPackageReference;
			repositoryURL = "https://github.com/ccgus/fmdb";
			requirement = {
				kind = upToNextMajorVersion;
				minimumVersion = 2.7.7;
			};
		};
		4ADC5A6A24A51082005B6360 /* XCRemoteSwiftPackageReference "swift-oauth2-wrapper" */ = {
			isa = XCRemoteSwiftPackageReference;
			repositoryURL = "https://github.com/aaronland/swift-oauth2-wrapper";
			requirement = {
				kind = upToNextMajorVersion;
				minimumVersion = 0.0.2;
			};
		};
/* End XCRemoteSwiftPackageReference section */

/* Begin XCSwiftPackageProductDependency section */
		4A4D15682497D8F100622E86 /* CooperHewittAPI */ = {
			isa = XCSwiftPackageProductDependency;
			package = 4A4D15672497D8F100622E86 /* XCRemoteSwiftPackageReference "swift-cooperhewitt-api" */;
			productName = CooperHewittAPI;
		};
		4A5424D624ABD22D00911252 /* URITemplate */ = {
			isa = XCSwiftPackageProductDependency;
			package = 4A5424D524ABD22D00911252 /* XCRemoteSwiftPackageReference "URITemplate" */;
			productName = URITemplate;
		};
		4AAF05D52496765F006BE255 /* Logging */ = {
			isa = XCSwiftPackageProductDependency;
			package = 4AAF05D42496765F006BE255 /* XCRemoteSwiftPackageReference "swift-log" */;
			productName = Logging;
		};
		4AAF05DC2496A9FA006BE255 /* FMDB */ = {
			isa = XCSwiftPackageProductDependency;
			package = 4AAF05DB2496A9FA006BE255 /* XCRemoteSwiftPackageReference "fmdb" */;
			productName = FMDB;
		};
		4ADC5A6B24A51082005B6360 /* OAuth2Wrapper */ = {
			isa = XCSwiftPackageProductDependency;
			package = 4ADC5A6A24A51082005B6360 /* XCRemoteSwiftPackageReference "swift-oauth2-wrapper" */;
			productName = OAuth2Wrapper;
		};
/* End XCSwiftPackageProductDependency section */
	};
	rootObject = 4ACA4EBF24905FB500E9E695 /* Project object */;
}
